{
  "name": "@lenne.tech/ng-base",
  "version": "14.26.0",
  "lockfileVersion": 2,
  "requires": true,
  "packages": {
    "": {
      "name": "@lenne.tech/ng-base",
      "version": "14.26.0",
      "license": "MIT",
      "dependencies": {
        "@apollo/client": "3.7.0",
        "apollo-angular": "4.1.0",
        "graphql": "16.5.0",
        "graphql-ws": "5.9.1",
        "tslib": "2.4.0"
      },
      "peerDependencies": {
        "@angular/common": "14.*.*",
        "@angular/core": "14.*.*",
        "@angular/forms": "14.*.*",
        "@angular/platform-browser": "14.*.*",
        "@angular/router": "14.*.*",
        "bootstrap": "5.*.*",
        "compressorjs": "1.1.*",
        "js-sha256": "*",
        "rxjs": "7.*.*"
      }
    },
    "node_modules/@angular/common": {
      "version": "14.2.9",
      "resolved": "https://registry.npmjs.org/@angular/common/-/common-14.2.9.tgz",
      "integrity": "sha512-nC1He98gj4FQqSo31Fb9ZJ+Ao3jJbmAg1JAdF5L0tkY70YydM91HXAp/JDrJ12O7IomenAwEHONFCVxgUfqUJw==",
      "peer": true,
      "dependencies": {
        "tslib": "^2.3.0"
      },
      "engines": {
        "node": "^14.15.0 || >=16.10.0"
      },
      "peerDependencies": {
        "@angular/core": "14.2.9",
        "rxjs": "^6.5.3 || ^7.4.0"
      }
    },
    "node_modules/@angular/core": {
      "version": "14.2.9",
      "resolved": "https://registry.npmjs.org/@angular/core/-/core-14.2.9.tgz",
      "integrity": "sha512-6bExQgGmN9qmBbVMl7WaZ1KFSfTgFK+MmLbvoh4a29b47h7wvEuUWO7ulczzoUJQfMGfXU/4ypEW1a8ZhX+Xrg==",
      "peer": true,
      "dependencies": {
        "tslib": "^2.3.0"
      },
      "engines": {
        "node": "^14.15.0 || >=16.10.0"
      },
      "peerDependencies": {
        "rxjs": "^6.5.3 || ^7.4.0",
        "zone.js": "~0.11.4"
      }
    },
    "node_modules/@angular/forms": {
      "version": "14.2.9",
      "resolved": "https://registry.npmjs.org/@angular/forms/-/forms-14.2.9.tgz",
      "integrity": "sha512-46Xlr4Qlgg/RBlb0TG9QCINe7zbVIFRF9YOi7dSIVW7tjKs6N8DPcP4eHAnrvxNmz+8S2v+CVXKOXGwaGE52vw==",
      "peer": true,
      "dependencies": {
        "tslib": "^2.3.0"
      },
      "engines": {
        "node": "^14.15.0 || >=16.10.0"
      },
      "peerDependencies": {
        "@angular/common": "14.2.9",
        "@angular/core": "14.2.9",
        "@angular/platform-browser": "14.2.9",
        "rxjs": "^6.5.3 || ^7.4.0"
      }
    },
    "node_modules/@angular/platform-browser": {
      "version": "14.2.9",
      "resolved": "https://registry.npmjs.org/@angular/platform-browser/-/platform-browser-14.2.9.tgz",
      "integrity": "sha512-cvKFyHZp69scDj+tOmknWsdyarpNjpuFHbn2Tn3K9HLJsNHOvP2g8d/KwHl5atRscnDK1ztNh+FUKhGmQZsbng==",
      "peer": true,
      "dependencies": {
        "tslib": "^2.3.0"
      },
      "engines": {
        "node": "^14.15.0 || >=16.10.0"
      },
      "peerDependencies": {
        "@angular/animations": "14.2.9",
        "@angular/common": "14.2.9",
        "@angular/core": "14.2.9"
      },
      "peerDependenciesMeta": {
        "@angular/animations": {
          "optional": true
        }
      }
    },
    "node_modules/@angular/router": {
      "version": "14.2.9",
      "resolved": "https://registry.npmjs.org/@angular/router/-/router-14.2.9.tgz",
      "integrity": "sha512-xg5Ajmn7mt6bosUDDotGzWORMfNGqi1otOUT8Sj2TpkvJebCaOS78GBBMnF8H5zaq8Pi+IsLM46kSJakFGdnVg==",
      "peer": true,
      "dependencies": {
        "tslib": "^2.3.0"
      },
      "engines": {
        "node": "^14.15.0 || >=16.10.0"
      },
      "peerDependencies": {
        "@angular/common": "14.2.9",
        "@angular/core": "14.2.9",
        "@angular/platform-browser": "14.2.9",
        "rxjs": "^6.5.3 || ^7.4.0"
      }
    },
    "node_modules/@apollo/client": {
      "version": "3.7.0",
      "resolved": "https://registry.npmjs.org/@apollo/client/-/client-3.7.0.tgz",
      "integrity": "sha512-hp4OvrH1ZIQACRYcIrh/C0WFnY7IM7G6nlTpC8DSTEWxfZQ2kvpvDY0I/hYmCs0oAVrg26g3ANEdOzGWTcYbPg==",
      "dependencies": {
        "@graphql-typed-document-node/core": "^3.1.1",
        "@wry/context": "^0.7.0",
        "@wry/equality": "^0.5.0",
        "@wry/trie": "^0.3.0",
        "graphql-tag": "^2.12.6",
        "hoist-non-react-statics": "^3.3.2",
        "optimism": "^0.16.1",
        "prop-types": "^15.7.2",
        "response-iterator": "^0.2.6",
        "symbol-observable": "^4.0.0",
        "ts-invariant": "^0.10.3",
        "tslib": "^2.3.0",
        "zen-observable-ts": "^1.2.5"
      },
      "peerDependencies": {
        "graphql": "^14.0.0 || ^15.0.0 || ^16.0.0",
        "graphql-ws": "^5.5.5",
        "react": "^16.8.0 || ^17.0.0 || ^18.0.0",
        "react-dom": "^16.8.0 || ^17.0.0 || ^18.0.0",
        "subscriptions-transport-ws": "^0.9.0 || ^0.11.0"
      },
      "peerDependenciesMeta": {
        "graphql-ws": {
          "optional": true
        },
        "react": {
          "optional": true
        },
        "react-dom": {
          "optional": true
        },
        "subscriptions-transport-ws": {
          "optional": true
        }
      }
    },
    "node_modules/@graphql-typed-document-node/core": {
      "version": "3.1.1",
      "resolved": "https://registry.npmjs.org/@graphql-typed-document-node/core/-/core-3.1.1.tgz",
      "integrity": "sha512-NQ17ii0rK1b34VZonlmT2QMJFI70m0TRwbknO/ihlbatXyaktDhN/98vBiUU6kNBPljqGqyIrl2T4nY2RpFANg==",
      "peerDependencies": {
        "graphql": "^0.8.0 || ^0.9.0 || ^0.10.0 || ^0.11.0 || ^0.12.0 || ^0.13.0 || ^14.0.0 || ^15.0.0 || ^16.0.0"
      }
    },
    "node_modules/@popperjs/core": {
      "version": "2.11.6",
      "resolved": "https://registry.npmjs.org/@popperjs/core/-/core-2.11.6.tgz",
      "integrity": "sha512-50/17A98tWUfQ176raKiOGXuYpLyyVMkxxG6oylzL3BPOlA6ADGdK7EYunSa4I064xerltq9TGXs8HmOk5E+vw==",
      "peer": true,
      "funding": {
        "type": "opencollective",
        "url": "https://opencollective.com/popperjs"
      }
    },
    "node_modules/@wry/context": {
      "version": "0.7.0",
      "resolved": "https://registry.npmjs.org/@wry/context/-/context-0.7.0.tgz",
      "integrity": "sha512-LcDAiYWRtwAoSOArfk7cuYvFXytxfVrdX7yxoUmK7pPITLk5jYh2F8knCwS7LjgYL8u1eidPlKKV6Ikqq0ODqQ==",
      "dependencies": {
        "tslib": "^2.3.0"
      },
      "engines": {
        "node": ">=8"
      }
    },
    "node_modules/@wry/equality": {
      "version": "0.5.3",
      "resolved": "https://registry.npmjs.org/@wry/equality/-/equality-0.5.3.tgz",
      "integrity": "sha512-avR+UXdSrsF2v8vIqIgmeTY0UR91UT+IyablCyKe/uk22uOJ8fusKZnH9JH9e1/EtLeNJBtagNmL3eJdnOV53g==",
      "dependencies": {
        "tslib": "^2.3.0"
      },
      "engines": {
        "node": ">=8"
      }
    },
    "node_modules/@wry/trie": {
      "version": "0.3.2",
      "resolved": "https://registry.npmjs.org/@wry/trie/-/trie-0.3.2.tgz",
      "integrity": "sha512-yRTyhWSls2OY/pYLfwff867r8ekooZ4UI+/gxot5Wj8EFwSf2rG+n+Mo/6LoLQm1TKA4GRj2+LCpbfS937dClQ==",
      "dependencies": {
        "tslib": "^2.3.0"
      },
      "engines": {
        "node": ">=8"
      }
    },
    "node_modules/apollo-angular": {
      "version": "4.1.0",
      "resolved": "https://registry.npmjs.org/apollo-angular/-/apollo-angular-4.1.0.tgz",
      "integrity": "sha512-qkKEK9kFxhhap35NBC9LyKDHUuHdfgfYJkYB0qGtFLkQJbNrao4foqy8aX4ha8TQb5gLzOE7Y9fd5mNA0oujQA==",
      "dependencies": {
        "tslib": "^2.0.0"
      },
      "engines": {
        "node": ">=14"
      },
      "peerDependencies": {
        "@angular/core": "^14.0.0",
        "@apollo/client": "^3.0.0",
        "graphql": "^15.0.0 || ^16.0.0",
        "rxjs": "^6.0.0 || ^7.0.0",
        "zone.js": ">=0.10.0 <0.12.0"
      }
    },
    "node_modules/blueimp-canvas-to-blob": {
      "version": "3.29.0",
      "resolved": "https://registry.npmjs.org/blueimp-canvas-to-blob/-/blueimp-canvas-to-blob-3.29.0.tgz",
      "integrity": "sha512-0pcSSGxC0QxT+yVkivxIqW0Y4VlO2XSDPofBAqoJ1qJxgH9eiUDLv50Rixij2cDuEfx4M6DpD9UGZpRhT5Q8qg==",
      "peer": true
    },
    "node_modules/bootstrap": {
      "version": "5.2.2",
      "resolved": "https://registry.npmjs.org/bootstrap/-/bootstrap-5.2.2.tgz",
      "integrity": "sha512-dEtzMTV71n6Fhmbg4fYJzQsw1N29hJKO1js5ackCgIpDcGid2ETMGC6zwSYw09v05Y+oRdQ9loC54zB1La3hHQ==",
      "funding": [
        {
          "type": "github",
          "url": "https://github.com/sponsors/twbs"
        },
        {
          "type": "opencollective",
          "url": "https://opencollective.com/bootstrap"
        }
      ],
      "peer": true,
      "peerDependencies": {
        "@popperjs/core": "^2.11.6"
      }
    },
    "node_modules/compressorjs": {
      "version": "1.1.1",
      "resolved": "https://registry.npmjs.org/compressorjs/-/compressorjs-1.1.1.tgz",
      "integrity": "sha512-SysRuUPfmUNoq+RviE0iMFVUmoX2q/x+7PkEPUmk6NGkd85hDrmvujx0Qtp8UCGA6KMe5kuodsylPQcNaLf60w==",
      "peer": true,
      "dependencies": {
        "blueimp-canvas-to-blob": "^3.29.0",
        "is-blob": "^2.1.0"
      }
    },
    "node_modules/graphql": {
      "version": "16.5.0",
      "resolved": "https://registry.npmjs.org/graphql/-/graphql-16.5.0.tgz",
      "integrity": "sha512-qbHgh8Ix+j/qY+a/ZcJnFQ+j8ezakqPiHwPiZhV/3PgGlgf96QMBB5/f2rkiC9sgLoy/xvT6TSiaf2nTHJh5iA==",
      "engines": {
        "node": "^12.22.0 || ^14.16.0 || ^16.0.0 || >=17.0.0"
      }
    },
    "node_modules/graphql-tag": {
      "version": "2.12.6",
      "resolved": "https://registry.npmjs.org/graphql-tag/-/graphql-tag-2.12.6.tgz",
      "integrity": "sha512-FdSNcu2QQcWnM2VNvSCCDCVS5PpPqpzgFT8+GXzqJuoDd0CBncxCY278u4mhRO7tMgo2JjgJA5aZ+nWSQ/Z+xg==",
      "dependencies": {
        "tslib": "^2.1.0"
      },
      "engines": {
        "node": ">=10"
      },
      "peerDependencies": {
        "graphql": "^0.9.0 || ^0.10.0 || ^0.11.0 || ^0.12.0 || ^0.13.0 || ^14.0.0 || ^15.0.0 || ^16.0.0"
      }
    },
    "node_modules/graphql-ws": {
      "version": "5.9.1",
      "resolved": "https://registry.npmjs.org/graphql-ws/-/graphql-ws-5.9.1.tgz",
      "integrity": "sha512-mL/SWGBwIT9Meq0NlfS55yXXTOeWPMbK7bZBEZhFu46bcGk1coTx2Sdtzxdk+9yHWngD+Fk1PZDWaAutQa9tpw==",
      "engines": {
        "node": ">=10"
      },
      "peerDependencies": {
        "graphql": ">=0.11 <=16"
      }
    },
    "node_modules/hoist-non-react-statics": {
      "version": "3.3.2",
      "resolved": "https://registry.npmjs.org/hoist-non-react-statics/-/hoist-non-react-statics-3.3.2.tgz",
      "integrity": "sha512-/gGivxi8JPKWNm/W0jSmzcMPpfpPLc3dY/6GxhX2hQ9iGj3aDfklV4ET7NjKpSinLpJ5vafa9iiGIEZg10SfBw==",
      "dependencies": {
        "react-is": "^16.7.0"
      }
    },
    "node_modules/is-blob": {
      "version": "2.1.0",
      "resolved": "https://registry.npmjs.org/is-blob/-/is-blob-2.1.0.tgz",
      "integrity": "sha512-SZ/fTft5eUhQM6oF/ZaASFDEdbFVe89Imltn9uZr03wdKMcWNVYSMjQPFtg05QuNkt5l5c135ElvXEQG0rk4tw==",
      "peer": true,
      "engines": {
        "node": ">=6"
      },
      "funding": {
        "url": "https://github.com/sponsors/sindresorhus"
      }
    },
    "node_modules/js-sha256": {
      "version": "0.9.0",
      "resolved": "https://registry.npmjs.org/js-sha256/-/js-sha256-0.9.0.tgz",
      "integrity": "sha512-sga3MHh9sgQN2+pJ9VYZ+1LPwXOxuBJBA5nrR5/ofPfuiJBE2hnjsaN8se8JznOmGLN2p49Pe5U/ttafcs/apA==",
      "peer": true
    },
    "node_modules/js-tokens": {
      "version": "4.0.0",
      "resolved": "https://registry.npmjs.org/js-tokens/-/js-tokens-4.0.0.tgz",
      "integrity": "sha512-RdJUflcE3cUzKiMqQgsCu06FPu9UdIJO0beYbPhHN4k6apgJtifcoCtT9bcxOpYBtpD2kCM6Sbzg4CausW/PKQ=="
    },
    "node_modules/loose-envify": {
      "version": "1.4.0",
      "resolved": "https://registry.npmjs.org/loose-envify/-/loose-envify-1.4.0.tgz",
      "integrity": "sha512-lyuxPGr/Wfhrlem2CL/UcnUc1zcqKAImBDzukY7Y5F/yQiNdko6+fRLevlw1HgMySw7f611UIY408EtxRSoK3Q==",
      "dependencies": {
        "js-tokens": "^3.0.0 || ^4.0.0"
      },
      "bin": {
        "loose-envify": "cli.js"
      }
    },
    "node_modules/object-assign": {
      "version": "4.1.1",
      "resolved": "https://registry.npmjs.org/object-assign/-/object-assign-4.1.1.tgz",
      "integrity": "sha512-rJgTQnkUnH1sFw8yT6VSU3zD3sWmu6sZhIseY8VX+GRu3P6F7Fu+JNDoXfklElbLJSnc3FUQHVe4cU5hj+BcUg==",
      "engines": {
        "node": ">=0.10.0"
      }
    },
    "node_modules/optimism": {
      "version": "0.16.1",
      "resolved": "https://registry.npmjs.org/optimism/-/optimism-0.16.1.tgz",
      "integrity": "sha512-64i+Uw3otrndfq5kaoGNoY7pvOhSsjFEN4bdEFh80MWVk/dbgJfMv7VFDeCT8LxNAlEVhQmdVEbfE7X2nWNIIg==",
      "dependencies": {
        "@wry/context": "^0.6.0",
        "@wry/trie": "^0.3.0"
      }
    },
    "node_modules/optimism/node_modules/@wry/context": {
      "version": "0.6.1",
      "resolved": "https://registry.npmjs.org/@wry/context/-/context-0.6.1.tgz",
      "integrity": "sha512-LOmVnY1iTU2D8tv4Xf6MVMZZ+juIJ87Kt/plMijjN20NMAXGmH4u8bS1t0uT74cZ5gwpocYueV58YwyI8y+GKw==",
      "dependencies": {
        "tslib": "^2.3.0"
      },
      "engines": {
        "node": ">=8"
      }
    },
    "node_modules/prop-types": {
      "version": "15.8.1",
      "resolved": "https://registry.npmjs.org/prop-types/-/prop-types-15.8.1.tgz",
      "integrity": "sha512-oj87CgZICdulUohogVAR7AjlC0327U4el4L6eAvOqCeudMDVU0NThNaV+b9Df4dXgSP1gXMTnPdhfe/2qDH5cg==",
      "dependencies": {
        "loose-envify": "^1.4.0",
        "object-assign": "^4.1.1",
        "react-is": "^16.13.1"
      }
    },
    "node_modules/react-is": {
      "version": "16.13.1",
      "resolved": "https://registry.npmjs.org/react-is/-/react-is-16.13.1.tgz",
      "integrity": "sha512-24e6ynE2H+OKt4kqsOvNd8kBpV65zoxbA4BVsEOB3ARVWQki/DHzaUoC5KuON/BiccDaCCTZBuOcfZs70kR8bQ=="
    },
    "node_modules/response-iterator": {
      "version": "0.2.6",
      "resolved": "https://registry.npmjs.org/response-iterator/-/response-iterator-0.2.6.tgz",
      "integrity": "sha512-pVzEEzrsg23Sh053rmDUvLSkGXluZio0qu8VT6ukrYuvtjVfCbDZH9d6PGXb8HZfzdNZt8feXv/jvUzlhRgLnw==",
      "engines": {
        "node": ">=0.8"
      }
    },
    "node_modules/rxjs": {
      "version": "7.5.7",
      "resolved": "https://registry.npmjs.org/rxjs/-/rxjs-7.5.7.tgz",
      "integrity": "sha512-z9MzKh/UcOqB3i20H6rtrlaE/CgjLOvheWK/9ILrbhROGTweAi1BaFsTT9FbwZi5Trr1qNRs+MXkhmR06awzQA==",
      "peer": true,
      "dependencies": {
        "tslib": "^2.1.0"
      }
    },
    "node_modules/symbol-observable": {
      "version": "4.0.0",
      "resolved": "https://registry.npmjs.org/symbol-observable/-/symbol-observable-4.0.0.tgz",
      "integrity": "sha512-b19dMThMV4HVFynSAM1++gBHAbk2Tc/osgLIBZMKsyqh34jb2e8Os7T6ZW/Bt3pJFdBTd2JwAnAAEQV7rSNvcQ==",
      "engines": {
        "node": ">=0.10"
      }
    },
    "node_modules/ts-invariant": {
      "version": "0.10.3",
      "resolved": "https://registry.npmjs.org/ts-invariant/-/ts-invariant-0.10.3.tgz",
      "integrity": "sha512-uivwYcQaxAucv1CzRp2n/QdYPo4ILf9VXgH19zEIjFx2EJufV16P0JtJVpYHy89DItG6Kwj2oIUjrcK5au+4tQ==",
      "dependencies": {
        "tslib": "^2.1.0"
      },
      "engines": {
        "node": ">=8"
      }
    },
    "node_modules/tslib": {
      "version": "2.4.0",
      "resolved": "https://registry.npmjs.org/tslib/-/tslib-2.4.0.tgz",
      "integrity": "sha512-d6xOpEDfsi2CZVlPQzGeux8XMwLT9hssAsaPYExaQMuYskwb+x1x7J371tWlbBdWHroy99KnVB6qIkUbs5X3UQ=="
    },
    "node_modules/zen-observable": {
      "version": "0.8.15",
      "resolved": "https://registry.npmjs.org/zen-observable/-/zen-observable-0.8.15.tgz",
      "integrity": "sha512-PQ2PC7R9rslx84ndNBZB/Dkv8V8fZEpk83RLgXtYd0fwUgEjseMn1Dgajh2x6S8QbZAFa9p2qVCEuYZNgve0dQ=="
    },
    "node_modules/zen-observable-ts": {
      "version": "1.2.5",
      "resolved": "https://registry.npmjs.org/zen-observable-ts/-/zen-observable-ts-1.2.5.tgz",
      "integrity": "sha512-QZWQekv6iB72Naeake9hS1KxHlotfRpe+WGNbNx5/ta+R3DNjVO2bswf63gXlWDcs+EMd7XY8HfVQyP1X6T4Zg==",
      "dependencies": {
        "zen-observable": "0.8.15"
      }
    },
    "node_modules/zone.js": {
      "version": "0.11.8",
      "resolved": "https://registry.npmjs.org/zone.js/-/zone.js-0.11.8.tgz",
      "integrity": "sha512-82bctBg2hKcEJ21humWIkXRlLBBmrc3nN7DFh5LGGhcyycO2S7FN8NmdvlcKaGFDNVL4/9kFLmwmInTavdJERA==",
      "peer": true,
      "dependencies": {
        "tslib": "^2.3.0"
      }
    }
  },
  "dependencies": {
    "@angular/common": {
      "version": "14.2.9",
      "resolved": "https://registry.npmjs.org/@angular/common/-/common-14.2.9.tgz",
      "integrity": "sha512-nC1He98gj4FQqSo31Fb9ZJ+Ao3jJbmAg1JAdF5L0tkY70YydM91HXAp/JDrJ12O7IomenAwEHONFCVxgUfqUJw==",
      "peer": true,
      "requires": {
        "tslib": "^2.3.0"
      }
    },
    "@angular/core": {
      "version": "14.2.9",
      "resolved": "https://registry.npmjs.org/@angular/core/-/core-14.2.9.tgz",
      "integrity": "sha512-6bExQgGmN9qmBbVMl7WaZ1KFSfTgFK+MmLbvoh4a29b47h7wvEuUWO7ulczzoUJQfMGfXU/4ypEW1a8ZhX+Xrg==",
      "peer": true,
      "requires": {
        "tslib": "^2.3.0"
      }
    },
    "@angular/forms": {
      "version": "14.2.9",
      "resolved": "https://registry.npmjs.org/@angular/forms/-/forms-14.2.9.tgz",
      "integrity": "sha512-46Xlr4Qlgg/RBlb0TG9QCINe7zbVIFRF9YOi7dSIVW7tjKs6N8DPcP4eHAnrvxNmz+8S2v+CVXKOXGwaGE52vw==",
      "peer": true,
      "requires": {
        "tslib": "^2.3.0"
      }
    },
    "@angular/platform-browser": {
      "version": "14.2.9",
      "resolved": "https://registry.npmjs.org/@angular/platform-browser/-/platform-browser-14.2.9.tgz",
      "integrity": "sha512-cvKFyHZp69scDj+tOmknWsdyarpNjpuFHbn2Tn3K9HLJsNHOvP2g8d/KwHl5atRscnDK1ztNh+FUKhGmQZsbng==",
      "peer": true,
      "requires": {
        "tslib": "^2.3.0"
      }
    },
    "@angular/router": {
      "version": "14.2.9",
      "resolved": "https://registry.npmjs.org/@angular/router/-/router-14.2.9.tgz",
      "integrity": "sha512-xg5Ajmn7mt6bosUDDotGzWORMfNGqi1otOUT8Sj2TpkvJebCaOS78GBBMnF8H5zaq8Pi+IsLM46kSJakFGdnVg==",
      "peer": true,
      "requires": {
        "tslib": "^2.3.0"
      }
    },
    "@apollo/client": {
      "version": "3.7.0",
      "resolved": "https://registry.npmjs.org/@apollo/client/-/client-3.7.0.tgz",
      "integrity": "sha512-hp4OvrH1ZIQACRYcIrh/C0WFnY7IM7G6nlTpC8DSTEWxfZQ2kvpvDY0I/hYmCs0oAVrg26g3ANEdOzGWTcYbPg==",
      "requires": {
        "@graphql-typed-document-node/core": "^3.1.1",
        "@wry/context": "^0.7.0",
        "@wry/equality": "^0.5.0",
        "@wry/trie": "^0.3.0",
        "graphql-tag": "^2.12.6",
        "hoist-non-react-statics": "^3.3.2",
        "optimism": "^0.16.1",
        "prop-types": "^15.7.2",
        "response-iterator": "^0.2.6",
        "symbol-observable": "^4.0.0",
        "ts-invariant": "^0.10.3",
        "tslib": "^2.3.0",
        "zen-observable-ts": "^1.2.5"
      }
    },
    "@graphql-typed-document-node/core": {
      "version": "3.1.1",
      "resolved": "https://registry.npmjs.org/@graphql-typed-document-node/core/-/core-3.1.1.tgz",
      "integrity": "sha512-NQ17ii0rK1b34VZonlmT2QMJFI70m0TRwbknO/ihlbatXyaktDhN/98vBiUU6kNBPljqGqyIrl2T4nY2RpFANg==",
      "requires": {}
    },
    "@popperjs/core": {
      "version": "2.11.6",
      "resolved": "https://registry.npmjs.org/@popperjs/core/-/core-2.11.6.tgz",
      "integrity": "sha512-50/17A98tWUfQ176raKiOGXuYpLyyVMkxxG6oylzL3BPOlA6ADGdK7EYunSa4I064xerltq9TGXs8HmOk5E+vw==",
      "peer": true
    },
    "@wry/context": {
      "version": "0.7.0",
      "resolved": "https://registry.npmjs.org/@wry/context/-/context-0.7.0.tgz",
      "integrity": "sha512-LcDAiYWRtwAoSOArfk7cuYvFXytxfVrdX7yxoUmK7pPITLk5jYh2F8knCwS7LjgYL8u1eidPlKKV6Ikqq0ODqQ==",
      "requires": {
        "tslib": "^2.3.0"
      }
    },
    "@wry/equality": {
      "version": "0.5.3",
      "resolved": "https://registry.npmjs.org/@wry/equality/-/equality-0.5.3.tgz",
      "integrity": "sha512-avR+UXdSrsF2v8vIqIgmeTY0UR91UT+IyablCyKe/uk22uOJ8fusKZnH9JH9e1/EtLeNJBtagNmL3eJdnOV53g==",
      "requires": {
        "tslib": "^2.3.0"
      }
    },
    "@wry/trie": {
      "version": "0.3.2",
      "resolved": "https://registry.npmjs.org/@wry/trie/-/trie-0.3.2.tgz",
      "integrity": "sha512-yRTyhWSls2OY/pYLfwff867r8ekooZ4UI+/gxot5Wj8EFwSf2rG+n+Mo/6LoLQm1TKA4GRj2+LCpbfS937dClQ==",
      "requires": {
        "tslib": "^2.3.0"
      }
    },
    "apollo-angular": {
      "version": "4.1.0",
      "resolved": "https://registry.npmjs.org/apollo-angular/-/apollo-angular-4.1.0.tgz",
      "integrity": "sha512-qkKEK9kFxhhap35NBC9LyKDHUuHdfgfYJkYB0qGtFLkQJbNrao4foqy8aX4ha8TQb5gLzOE7Y9fd5mNA0oujQA==",
      "requires": {
        "tslib": "^2.0.0"
      }
    },
    "blueimp-canvas-to-blob": {
      "version": "3.29.0",
      "resolved": "https://registry.npmjs.org/blueimp-canvas-to-blob/-/blueimp-canvas-to-blob-3.29.0.tgz",
      "integrity": "sha512-0pcSSGxC0QxT+yVkivxIqW0Y4VlO2XSDPofBAqoJ1qJxgH9eiUDLv50Rixij2cDuEfx4M6DpD9UGZpRhT5Q8qg==",
      "peer": true
    },
    "bootstrap": {
      "version": "5.2.2",
      "resolved": "https://registry.npmjs.org/bootstrap/-/bootstrap-5.2.2.tgz",
      "integrity": "sha512-dEtzMTV71n6Fhmbg4fYJzQsw1N29hJKO1js5ackCgIpDcGid2ETMGC6zwSYw09v05Y+oRdQ9loC54zB1La3hHQ==",
      "peer": true,
      "requires": {}
    },
    "compressorjs": {
      "version": "1.1.1",
      "resolved": "https://registry.npmjs.org/compressorjs/-/compressorjs-1.1.1.tgz",
      "integrity": "sha512-SysRuUPfmUNoq+RviE0iMFVUmoX2q/x+7PkEPUmk6NGkd85hDrmvujx0Qtp8UCGA6KMe5kuodsylPQcNaLf60w==",
      "peer": true,
      "requires": {
        "blueimp-canvas-to-blob": "^3.29.0",
        "is-blob": "^2.1.0"
      }
    },
    "graphql": {
      "version": "16.5.0",
      "resolved": "https://registry.npmjs.org/graphql/-/graphql-16.5.0.tgz",
      "integrity": "sha512-qbHgh8Ix+j/qY+a/ZcJnFQ+j8ezakqPiHwPiZhV/3PgGlgf96QMBB5/f2rkiC9sgLoy/xvT6TSiaf2nTHJh5iA=="
    },
    "graphql-tag": {
      "version": "2.12.6",
      "resolved": "https://registry.npmjs.org/graphql-tag/-/graphql-tag-2.12.6.tgz",
      "integrity": "sha512-FdSNcu2QQcWnM2VNvSCCDCVS5PpPqpzgFT8+GXzqJuoDd0CBncxCY278u4mhRO7tMgo2JjgJA5aZ+nWSQ/Z+xg==",
      "requires": {
        "tslib": "^2.1.0"
      }
    },
    "graphql-ws": {
      "version": "5.9.1",
      "resolved": "https://registry.npmjs.org/graphql-ws/-/graphql-ws-5.9.1.tgz",
      "integrity": "sha512-mL/SWGBwIT9Meq0NlfS55yXXTOeWPMbK7bZBEZhFu46bcGk1coTx2Sdtzxdk+9yHWngD+Fk1PZDWaAutQa9tpw==",
      "requires": {}
    },
    "hoist-non-react-statics": {
      "version": "3.3.2",
      "resolved": "https://registry.npmjs.org/hoist-non-react-statics/-/hoist-non-react-statics-3.3.2.tgz",
      "integrity": "sha512-/gGivxi8JPKWNm/W0jSmzcMPpfpPLc3dY/6GxhX2hQ9iGj3aDfklV4ET7NjKpSinLpJ5vafa9iiGIEZg10SfBw==",
      "requires": {
        "react-is": "^16.7.0"
      }
    },
    "is-blob": {
      "version": "2.1.0",
      "resolved": "https://registry.npmjs.org/is-blob/-/is-blob-2.1.0.tgz",
      "integrity": "sha512-SZ/fTft5eUhQM6oF/ZaASFDEdbFVe89Imltn9uZr03wdKMcWNVYSMjQPFtg05QuNkt5l5c135ElvXEQG0rk4tw==",
      "peer": true
    },
    "js-sha256": {
      "version": "0.9.0",
      "resolved": "https://registry.npmjs.org/js-sha256/-/js-sha256-0.9.0.tgz",
      "integrity": "sha512-sga3MHh9sgQN2+pJ9VYZ+1LPwXOxuBJBA5nrR5/ofPfuiJBE2hnjsaN8se8JznOmGLN2p49Pe5U/ttafcs/apA==",
      "peer": true
    },
    "js-tokens": {
      "version": "4.0.0",
      "resolved": "https://registry.npmjs.org/js-tokens/-/js-tokens-4.0.0.tgz",
      "integrity": "sha512-RdJUflcE3cUzKiMqQgsCu06FPu9UdIJO0beYbPhHN4k6apgJtifcoCtT9bcxOpYBtpD2kCM6Sbzg4CausW/PKQ=="
    },
    "loose-envify": {
      "version": "1.4.0",
      "resolved": "https://registry.npmjs.org/loose-envify/-/loose-envify-1.4.0.tgz",
      "integrity": "sha512-lyuxPGr/Wfhrlem2CL/UcnUc1zcqKAImBDzukY7Y5F/yQiNdko6+fRLevlw1HgMySw7f611UIY408EtxRSoK3Q==",
      "requires": {
        "js-tokens": "^3.0.0 || ^4.0.0"
      }
    },
    "object-assign": {
      "version": "4.1.1",
      "resolved": "https://registry.npmjs.org/object-assign/-/object-assign-4.1.1.tgz",
      "integrity": "sha512-rJgTQnkUnH1sFw8yT6VSU3zD3sWmu6sZhIseY8VX+GRu3P6F7Fu+JNDoXfklElbLJSnc3FUQHVe4cU5hj+BcUg=="
    },
    "optimism": {
      "version": "0.16.1",
      "resolved": "https://registry.npmjs.org/optimism/-/optimism-0.16.1.tgz",
      "integrity": "sha512-64i+Uw3otrndfq5kaoGNoY7pvOhSsjFEN4bdEFh80MWVk/dbgJfMv7VFDeCT8LxNAlEVhQmdVEbfE7X2nWNIIg==",
      "requires": {
        "@wry/context": "^0.6.0",
        "@wry/trie": "^0.3.0"
      },
      "dependencies": {
        "@wry/context": {
          "version": "0.6.1",
          "resolved": "https://registry.npmjs.org/@wry/context/-/context-0.6.1.tgz",
          "integrity": "sha512-LOmVnY1iTU2D8tv4Xf6MVMZZ+juIJ87Kt/plMijjN20NMAXGmH4u8bS1t0uT74cZ5gwpocYueV58YwyI8y+GKw==",
          "requires": {
            "tslib": "^2.3.0"
          }
        }
      }
    },
    "prop-types": {
      "version": "15.8.1",
      "resolved": "https://registry.npmjs.org/prop-types/-/prop-types-15.8.1.tgz",
      "integrity": "sha512-oj87CgZICdulUohogVAR7AjlC0327U4el4L6eAvOqCeudMDVU0NThNaV+b9Df4dXgSP1gXMTnPdhfe/2qDH5cg==",
      "requires": {
        "loose-envify": "^1.4.0",
        "object-assign": "^4.1.1",
        "react-is": "^16.13.1"
      }
    },
    "react-is": {
      "version": "16.13.1",
      "resolved": "https://registry.npmjs.org/react-is/-/react-is-16.13.1.tgz",
      "integrity": "sha512-24e6ynE2H+OKt4kqsOvNd8kBpV65zoxbA4BVsEOB3ARVWQki/DHzaUoC5KuON/BiccDaCCTZBuOcfZs70kR8bQ=="
    },
    "response-iterator": {
      "version": "0.2.6",
      "resolved": "https://registry.npmjs.org/response-iterator/-/response-iterator-0.2.6.tgz",
      "integrity": "sha512-pVzEEzrsg23Sh053rmDUvLSkGXluZio0qu8VT6ukrYuvtjVfCbDZH9d6PGXb8HZfzdNZt8feXv/jvUzlhRgLnw=="
    },
    "rxjs": {
      "version": "7.5.7",
      "resolved": "https://registry.npmjs.org/rxjs/-/rxjs-7.5.7.tgz",
      "integrity": "sha512-z9MzKh/UcOqB3i20H6rtrlaE/CgjLOvheWK/9ILrbhROGTweAi1BaFsTT9FbwZi5Trr1qNRs+MXkhmR06awzQA==",
      "peer": true,
      "requires": {
        "tslib": "^2.1.0"
      }
    },
    "symbol-observable": {
      "version": "4.0.0",
      "resolved": "https://registry.npmjs.org/symbol-observable/-/symbol-observable-4.0.0.tgz",
      "integrity": "sha512-b19dMThMV4HVFynSAM1++gBHAbk2Tc/osgLIBZMKsyqh34jb2e8Os7T6ZW/Bt3pJFdBTd2JwAnAAEQV7rSNvcQ=="
    },
    "ts-invariant": {
      "version": "0.10.3",
      "resolved": "https://registry.npmjs.org/ts-invariant/-/ts-invariant-0.10.3.tgz",
      "integrity": "sha512-uivwYcQaxAucv1CzRp2n/QdYPo4ILf9VXgH19zEIjFx2EJufV16P0JtJVpYHy89DItG6Kwj2oIUjrcK5au+4tQ==",
      "requires": {
        "tslib": "^2.1.0"
      }
    },
    "tslib": {
      "version": "2.4.0",
      "resolved": "https://registry.npmjs.org/tslib/-/tslib-2.4.0.tgz",
      "integrity": "sha512-d6xOpEDfsi2CZVlPQzGeux8XMwLT9hssAsaPYExaQMuYskwb+x1x7J371tWlbBdWHroy99KnVB6qIkUbs5X3UQ=="
    },
    "zen-observable": {
      "version": "0.8.15",
      "resolved": "https://registry.npmjs.org/zen-observable/-/zen-observable-0.8.15.tgz",
      "integrity": "sha512-PQ2PC7R9rslx84ndNBZB/Dkv8V8fZEpk83RLgXtYd0fwUgEjseMn1Dgajh2x6S8QbZAFa9p2qVCEuYZNgve0dQ=="
    },
    "zen-observable-ts": {
      "version": "1.2.5",
      "resolved": "https://registry.npmjs.org/zen-observable-ts/-/zen-observable-ts-1.2.5.tgz",
      "integrity": "sha512-QZWQekv6iB72Naeake9hS1KxHlotfRpe+WGNbNx5/ta+R3DNjVO2bswf63gXlWDcs+EMd7XY8HfVQyP1X6T4Zg==",
      "requires": {
        "zen-observable": "0.8.15"
      }
    },
    "zone.js": {
      "version": "0.11.8",
      "resolved": "https://registry.npmjs.org/zone.js/-/zone.js-0.11.8.tgz",
      "integrity": "sha512-82bctBg2hKcEJ21humWIkXRlLBBmrc3nN7DFh5LGGhcyycO2S7FN8NmdvlcKaGFDNVL4/9kFLmwmInTavdJERA==",
      "peer": true,
      "requires": {
        "tslib": "^2.3.0"
      }
    }
  }
}
